
Microsoft Visual Studio Solution File, Format Version 12.00
# Visual Studio 2012
Project("{FAE04EC0-301F-11D3-BF4B-00C04F79EFBC}") = "Reduce", "Reduce\Reduce.csproj", "{473A8209-C7F1-4B0A-9D2F-CF6FF61A2997}"
EndProject
Project("{FAE04EC0-301F-11D3-BF4B-00C04F79EFBC}") = "Map", "Map\Map.csproj", "{11D821DE-8B32-4323-A918-5F624FE66D2E}"
EndProject
Project("{FAE04EC0-301F-11D3-BF4B-00C04F79EFBC}") = "Reformat", "Reformat\Reformat.csproj", "{1970E67B-38F6-4381-9FFA-F7505445E587}"
EndProject
Project("{2150E333-8FDC-42A3-9474-1A3956D46DE8}") = "Solution Items", "Solution Items", "{2A1FD527-84FE-4D19-B05E-27C7D1A5964E}"
	ProjectSection(SolutionItems) = preProject
		readme.md = readme.md
	EndProjectSection
EndProject
Global
	GlobalSection(SolutionConfigurationPlatforms) = preSolution
		Debug|Any CPU = Debug|Any CPU
		Release|Any CPU = Release|Any CPU
	EndGlobalSection
	GlobalSection(ProjectConfigurationPlatforms) = postSolution
		{473A8209-C7F1-4B0A-9D2F-CF6FF61A2997}.Debug|Any CPU.ActiveCfg = Debug|Any CPU
		{473A8209-C7F1-4B0A-9D2F-CF6FF61A2997}.Debug|Any CPU.Build.0 = Debug|Any CPU
		{473A8209-C7F1-4B0A-9D2F-CF6FF61A2997}.Release|Any CPU.ActiveCfg = Release|Any CPU
		{473A8209-C7F1-4B0A-9D2F-CF6FF61A2997}.Release|Any CPU.Build.0 = Release|Any CPU
		{11D821DE-8B32-4323-A918-5F624FE66D2E}.Debug|Any CPU.ActiveCfg = Debug|Any CPU
		{11D821DE-8B32-4323-A918-5F624FE66D2E}.Debug|Any CPU.Build.0 = Debug|Any CPU
		{11D821DE-8B32-4323-A918-5F624FE66D2E}.Release|Any CPU.ActiveCfg = Release|Any CPU
		{11D821DE-8B32-4323-A918-5F624FE66D2E}.Release|Any CPU.Build.0 = Release|Any CPU
		{1970E67B-38F6-4381-9FFA-F7505445E587}.Debug|Any CPU.ActiveCfg = Debug|Any CPU
		{1970E67B-38F6-4381-9FFA-F7505445E587}.Debug|Any CPU.Build.0 = Debug|Any CPU
		{1970E67B-38F6-4381-9FFA-F7505445E587}.Release|Any CPU.ActiveCfg = Release|Any CPU
		{1970E67B-38F6-4381-9FFA-F7505445E587}.Release|Any CPU.Build.0 = Release|Any CPU
	EndGlobalSection
	GlobalSection(SolutionProperties) = preSolution
		HideSolutionNode = FALSE
	EndGlobalSection
EndGlobal
