
Microsoft Visual Studio Solution File, Format Version 12.00
# Visual Studio 2012
Project("{FAE04EC0-301F-11D3-BF4B-00C04F79EFBC}") = "h1-cs", "h1-cs.csproj", "{D0DAB8AD-3270-45DC-8E15-0E1AC2DC5665}"
EndProject
Global
	GlobalSection(SolutionConfigurationPlatforms) = preSolution
		Debug|Any CPU = Debug|Any CPU
		Release|Any CPU = Release|Any CPU
	EndGlobalSection
	GlobalSection(ProjectConfigurationPlatforms) = postSolution
		{D0DAB8AD-3270-45DC-8E15-0E1AC2DC5665}.Debug|Any CPU.ActiveCfg = Debug|Any CPU
		{D0DAB8AD-3270-45DC-8E15-0E1AC2DC5665}.Debug|Any CPU.Build.0 = Debug|Any CPU
		{D0DAB8AD-3270-45DC-8E15-0E1AC2DC5665}.Release|Any CPU.ActiveCfg = Release|Any CPU
		{D0DAB8AD-3270-45DC-8E15-0E1AC2DC5665}.Release|Any CPU.Build.0 = Release|Any CPU
	EndGlobalSection
	GlobalSection(SolutionProperties) = preSolution
		HideSolutionNode = FALSE
	EndGlobalSection
EndGlobal
